
Microsoft Visual Studio Solution File, Format Version 12.00
# Visual Studio 15
VisualStudioVersion = 15.0.28010.2048
MinimumVisualStudioVersion = 10.0.40219.1
Project("{FAE04EC0-301F-11D3-BF4B-00C04F79EFBC}") = "EX 10", "EX 10\EX 10.csproj", "{BE315DE7-7141-420C-ADFA-3244A69B6D99}"
EndProject
Global
	GlobalSection(SolutionConfigurationPlatforms) = preSolution
		Debug|Any CPU = Debug|Any CPU
		Release|Any CPU = Release|Any CPU
	EndGlobalSection
	GlobalSection(ProjectConfigurationPlatforms) = postSolution
		{BE315DE7-7141-420C-ADFA-3244A69B6D99}.Debug|Any CPU.ActiveCfg = Debug|Any CPU
		{BE315DE7-7141-420C-ADFA-3244A69B6D99}.Debug|Any CPU.Build.0 = Debug|Any CPU
		{BE315DE7-7141-420C-ADFA-3244A69B6D99}.Release|Any CPU.ActiveCfg = Release|Any CPU
		{BE315DE7-7141-420C-ADFA-3244A69B6D99}.Release|Any CPU.Build.0 = Release|Any CPU
	EndGlobalSection
	GlobalSection(SolutionProperties) = preSolution
		HideSolutionNode = FALSE
	EndGlobalSection
	GlobalSection(ExtensibilityGlobals) = postSolution
		SolutionGuid = {E0664930-E214-4F5E-85AF-6FBD9E27C6B7}
	EndGlobalSection
EndGlobal
