
Microsoft Visual Studio Solution File, Format Version 12.00
# Visual Studio 15
VisualStudioVersion = 15.0.28010.2048
MinimumVisualStudioVersion = 10.0.40219.1
Project("{FAE04EC0-301F-11D3-BF4B-00C04F79EFBC}") = "Fibonacci", "Fibonacci\Fibonacci.csproj", "{8FBD2A19-E7F3-4778-AEC1-F82B149878E2}"
EndProject
Project("{FAE04EC0-301F-11D3-BF4B-00C04F79EFBC}") = "Rec", "Rec\Rec.csproj", "{C628BEE8-4165-48DF-85F0-4B885D186473}"
EndProject
Project("{FAE04EC0-301F-11D3-BF4B-00C04F79EFBC}") = "Recursion + Fibonacci + hanoi", "Recursion + Fibonacci + hanoi\Recursion + Fibonacci + hanoi.csproj", "{7B1F3BF5-AC50-404F-8247-0F2F7384C124}"
EndProject
Project("{FAE04EC0-301F-11D3-BF4B-00C04F79EFBC}") = "Hanoi", "Hanoi\Hanoi.csproj", "{52B80CA7-A937-4775-8D42-FA1F32BEE5CD}"
EndProject
Project("{FAE04EC0-301F-11D3-BF4B-00C04F79EFBC}") = "Binary Tree", "Binary Tree\Binary Tree.csproj", "{C2AFCE88-DD8E-4DFB-9875-52516622D06D}"
EndProject
Global
	GlobalSection(SolutionConfigurationPlatforms) = preSolution
		Debug|Any CPU = Debug|Any CPU
		Release|Any CPU = Release|Any CPU
	EndGlobalSection
	GlobalSection(ProjectConfigurationPlatforms) = postSolution
		{8FBD2A19-E7F3-4778-AEC1-F82B149878E2}.Debug|Any CPU.ActiveCfg = Debug|Any CPU
		{8FBD2A19-E7F3-4778-AEC1-F82B149878E2}.Debug|Any CPU.Build.0 = Debug|Any CPU
		{8FBD2A19-E7F3-4778-AEC1-F82B149878E2}.Release|Any CPU.ActiveCfg = Release|Any CPU
		{8FBD2A19-E7F3-4778-AEC1-F82B149878E2}.Release|Any CPU.Build.0 = Release|Any CPU
		{C628BEE8-4165-48DF-85F0-4B885D186473}.Debug|Any CPU.ActiveCfg = Debug|Any CPU
		{C628BEE8-4165-48DF-85F0-4B885D186473}.Debug|Any CPU.Build.0 = Debug|Any CPU
		{C628BEE8-4165-48DF-85F0-4B885D186473}.Release|Any CPU.ActiveCfg = Release|Any CPU
		{C628BEE8-4165-48DF-85F0-4B885D186473}.Release|Any CPU.Build.0 = Release|Any CPU
		{7B1F3BF5-AC50-404F-8247-0F2F7384C124}.Debug|Any CPU.ActiveCfg = Debug|Any CPU
		{7B1F3BF5-AC50-404F-8247-0F2F7384C124}.Debug|Any CPU.Build.0 = Debug|Any CPU
		{7B1F3BF5-AC50-404F-8247-0F2F7384C124}.Release|Any CPU.ActiveCfg = Release|Any CPU
		{7B1F3BF5-AC50-404F-8247-0F2F7384C124}.Release|Any CPU.Build.0 = Release|Any CPU
		{52B80CA7-A937-4775-8D42-FA1F32BEE5CD}.Debug|Any CPU.ActiveCfg = Debug|Any CPU
		{52B80CA7-A937-4775-8D42-FA1F32BEE5CD}.Debug|Any CPU.Build.0 = Debug|Any CPU
		{52B80CA7-A937-4775-8D42-FA1F32BEE5CD}.Release|Any CPU.ActiveCfg = Release|Any CPU
		{52B80CA7-A937-4775-8D42-FA1F32BEE5CD}.Release|Any CPU.Build.0 = Release|Any CPU
		{C2AFCE88-DD8E-4DFB-9875-52516622D06D}.Debug|Any CPU.ActiveCfg = Debug|Any CPU
		{C2AFCE88-DD8E-4DFB-9875-52516622D06D}.Debug|Any CPU.Build.0 = Debug|Any CPU
		{C2AFCE88-DD8E-4DFB-9875-52516622D06D}.Release|Any CPU.ActiveCfg = Release|Any CPU
		{C2AFCE88-DD8E-4DFB-9875-52516622D06D}.Release|Any CPU.Build.0 = Release|Any CPU
	EndGlobalSection
	GlobalSection(SolutionProperties) = preSolution
		HideSolutionNode = FALSE
	EndGlobalSection
	GlobalSection(ExtensibilityGlobals) = postSolution
		SolutionGuid = {B643584B-3B08-4C3B-A090-4BFC29C8BB60}
	EndGlobalSection
EndGlobal
